PODS:
  - testeSomaThiagoOuteiro2 (0.1.1)

DEPENDENCIES:
  - testeSomaThiagoOuteiro2 (from `../`)

EXTERNAL SOURCES:
  testeSomaThiagoOuteiro2:
    :path: "../"

SPEC CHECKSUMS:
  testeSomaThiagoOuteiro2: e74985911a401ac2501e579d612d69ec9bc16ef0

PODFILE CHECKSUM: bfc0c418e7d37577586ae12a6ca826736e93e457

COCOAPODS: 1.6.1
